
Microsoft Visual Studio Solution File, Format Version 12.00
# Visual Studio Version 16
VisualStudioVersion = 16.0.31321.278
MinimumVisualStudioVersion = 10.0.40219.1
Project("{FAE04EC0-301F-11D3-BF4B-00C04F79EFBC}") = "LSI_App", "LSI_App\LSI_App.csproj", "{0F405B8A-FF98-4018-BC92-1821CDF9B36B}"
EndProject
Project("{FAE04EC0-301F-11D3-BF4B-00C04F79EFBC}") = "Consume_App", "Consume_App\Consume_App.csproj", "{AA55E4EE-4768-4EB1-9505-BA6E4C347B41}"
EndProject
Global
	GlobalSection(SolutionConfigurationPlatforms) = preSolution
		Debug|Any CPU = Debug|Any CPU
		Release|Any CPU = Release|Any CPU
	EndGlobalSection
	GlobalSection(ProjectConfigurationPlatforms) = postSolution
		{0F405B8A-FF98-4018-BC92-1821CDF9B36B}.Debug|Any CPU.ActiveCfg = Debug|Any CPU
		{0F405B8A-FF98-4018-BC92-1821CDF9B36B}.Debug|Any CPU.Build.0 = Debug|Any CPU
		{0F405B8A-FF98-4018-BC92-1821CDF9B36B}.Release|Any CPU.ActiveCfg = Release|Any CPU
		{0F405B8A-FF98-4018-BC92-1821CDF9B36B}.Release|Any CPU.Build.0 = Release|Any CPU
		{AA55E4EE-4768-4EB1-9505-BA6E4C347B41}.Debug|Any CPU.ActiveCfg = Debug|Any CPU
		{AA55E4EE-4768-4EB1-9505-BA6E4C347B41}.Debug|Any CPU.Build.0 = Debug|Any CPU
		{AA55E4EE-4768-4EB1-9505-BA6E4C347B41}.Release|Any CPU.ActiveCfg = Release|Any CPU
		{AA55E4EE-4768-4EB1-9505-BA6E4C347B41}.Release|Any CPU.Build.0 = Release|Any CPU
	EndGlobalSection
	GlobalSection(SolutionProperties) = preSolution
		HideSolutionNode = FALSE
	EndGlobalSection
	GlobalSection(ExtensibilityGlobals) = postSolution
		SolutionGuid = {F1FB1A08-A93C-48C6-B760-1592C86CF1D2}
	EndGlobalSection
EndGlobal
